// !$*UTF8*$!
{
	archiveVersion = 1;
	classes = {
	};
	objectVersion = 52;
	objects = {

/* Begin PBXBuildFile section */
		B443B76F265084B90042B678 /* test-filter.txt in Resources */ = {isa = PBXBuildFile; fileRef = B443B76E265084B90042B678 /* test-filter.txt */; };
		B443B77D2651C3B10042B678 /* Constants.swift in Sources */ = {isa = PBXBuildFile; fileRef = B443B77C2651C3B10042B678 /* Constants.swift */; };
		B443B7862651C4E00042B678 /* blockerList.json in Resources */ = {isa = PBXBuildFile; fileRef = B4AA2D29264F05F9008F224E /* blockerList.json */; };
		B443B78B2651C5100042B678 /* Constants.swift in Sources */ = {isa = PBXBuildFile; fileRef = B443B77C2651C3B10042B678 /* Constants.swift */; };
		B479D7A2266ADE2900019554 /* ContentBlockerConverter in Frameworks */ = {isa = PBXBuildFile; productRef = B479D7A1266ADE2900019554 /* ContentBlockerConverter */; };
		B479D7A7266ADE8200019554 /* ContentBlockerConverter in Frameworks */ = {isa = PBXBuildFile; productRef = B479D7A6266ADE8200019554 /* ContentBlockerConverter */; };
		B479D871266AF14F00019554 /* ContentBlockerRequestHandler.swift in Sources */ = {isa = PBXBuildFile; fileRef = B4D97620265D649D00ACF645 /* ContentBlockerRequestHandler.swift */; };
		B4AA2CF2264F05E2008F224E /* AdgSimpleApp.swift in Sources */ = {isa = PBXBuildFile; fileRef = B4AA2CF1264F05E2008F224E /* AdgSimpleApp.swift */; };
		B4AA2CF4264F05E2008F224E /* ContentView.swift in Sources */ = {isa = PBXBuildFile; fileRef = B4AA2CF3264F05E2008F224E /* ContentView.swift */; };
		B4AA2CF6264F05E3008F224E /* Assets.xcassets in Resources */ = {isa = PBXBuildFile; fileRef = B4AA2CF5264F05E3008F224E /* Assets.xcassets */; };
		B4AA2CF9264F05E3008F224E /* Preview Assets.xcassets in Resources */ = {isa = PBXBuildFile; fileRef = B4AA2CF8264F05E3008F224E /* Preview Assets.xcassets */; };
		B4AA2D31264F05F9008F224E /* ContentBlocker.appex in Embed App Extensions */ = {isa = PBXBuildFile; fileRef = B4AA2D24264F05F9008F224E /* ContentBlocker.appex */; settings = {ATTRIBUTES = (RemoveHeadersOnCopy, ); }; };
		B4AA2DBF264F6127008F224E /* Cocoa.framework in Frameworks */ = {isa = PBXBuildFile; fileRef = B4AA2D26264F05F9008F224E /* Cocoa.framework */; };
		B4AA2E59265031D5008F224E /* ConverterService.swift in Sources */ = {isa = PBXBuildFile; fileRef = B4AA2E58265031D5008F224E /* ConverterService.swift */; };
		B4D9745C265C881600ACF645 /* custom-filter.txt in Resources */ = {isa = PBXBuildFile; fileRef = B4D9745B265C881600ACF645 /* custom-filter.txt */; };
		B4D9745D265C881600ACF645 /* custom-filter.txt in Resources */ = {isa = PBXBuildFile; fileRef = B4D9745B265C881600ACF645 /* custom-filter.txt */; };
		B4D975D0265D5E3C00ACF645 /* Cocoa.framework in Frameworks */ = {isa = PBXBuildFile; fileRef = B4AA2D26264F05F9008F224E /* Cocoa.framework */; };
		B4D975D3265D5E3C00ACF645 /* SafariExtensionHandler.swift in Sources */ = {isa = PBXBuildFile; fileRef = B4D975D2265D5E3C00ACF645 /* SafariExtensionHandler.swift */; };
		B4D975D8265D5E3D00ACF645 /* script.js in Resources */ = {isa = PBXBuildFile; fileRef = B4D975D7265D5E3C00ACF645 /* script.js */; };
		B4D975E2265D5E3D00ACF645 /* AdvancedBlocking.appex in Embed App Extensions */ = {isa = PBXBuildFile; fileRef = B4D975CF265D5E3C00ACF645 /* AdvancedBlocking.appex */; settings = {ATTRIBUTES = (RemoveHeadersOnCopy, ); }; };
		B4D97615265D642D00ACF645 /* extended-css.js in Resources */ = {isa = PBXBuildFile; fileRef = B4D97433265C85BA00ACF645 /* extended-css.js */; };
		B4D97619265D643200ACF645 /* scriptlets.js in Resources */ = {isa = PBXBuildFile; fileRef = B4D97436265C85BA00ACF645 /* scriptlets.js */; };
		B4D97621265D649D00ACF645 /* ContentBlockerRequestHandler.swift in Sources */ = {isa = PBXBuildFile; fileRef = B4D97620265D649D00ACF645 /* ContentBlockerRequestHandler.swift */; };
		B4D97626265D651D00ACF645 /* NetworkEngine.swift in Sources */ = {isa = PBXBuildFile; fileRef = B4D9742F265C85B900ACF645 /* NetworkEngine.swift */; };
		B4D97629265D651D00ACF645 /* BlockerEntry.swift in Sources */ = {isa = PBXBuildFile; fileRef = B4D9742E265C85B900ACF645 /* BlockerEntry.swift */; };
		B4D9762A265D651D00ACF645 /* ContentBlockerController.swift in Sources */ = {isa = PBXBuildFile; fileRef = B4D97434265C85BA00ACF645 /* ContentBlockerController.swift */; };
		B4D9762B265D651D00ACF645 /* ContentBlockerContainer.swift in Sources */ = {isa = PBXBuildFile; fileRef = B4D97437265C85BA00ACF645 /* ContentBlockerContainer.swift */; };
		B4D9762C265D651D00ACF645 /* BlockerData.swift in Sources */ = {isa = PBXBuildFile; fileRef = B4D97432265C85BA00ACF645 /* BlockerData.swift */; };
		B4D9763C265D65FB00ACF645 /* ConverterService.swift in Sources */ = {isa = PBXBuildFile; fileRef = B4AA2E58265031D5008F224E /* ConverterService.swift */; };
		B4D97645265D664200ACF645 /* Constants.swift in Sources */ = {isa = PBXBuildFile; fileRef = B443B77C2651C3B10042B678 /* Constants.swift */; };
		B4D9765E265D939900ACF645 /* custom-filter.txt in Resources */ = {isa = PBXBuildFile; fileRef = B4D9745B265C881600ACF645 /* custom-filter.txt */; };
/* End PBXBuildFile section */

/* Begin PBXContainerItemProxy section */
		B4AA2D2F264F05F9008F224E /* PBXContainerItemProxy */ = {
			isa = PBXContainerItemProxy;
			containerPortal = B4AA2CE6264F05E2008F224E /* Project object */;
			proxyType = 1;
			remoteGlobalIDString = B4AA2D23264F05F9008F224E;
			remoteInfo = TestBlocking;
		};
		B4D975E0265D5E3D00ACF645 /* PBXContainerItemProxy */ = {
			isa = PBXContainerItemProxy;
			containerPortal = B4AA2CE6264F05E2008F224E /* Project object */;
			proxyType = 1;
			remoteGlobalIDString = B4D975CE265D5E3C00ACF645;
			remoteInfo = AdvancedBlockingExt;
		};
/* End PBXContainerItemProxy section */

/* Begin PBXCopyFilesBuildPhase section */
		B4AA2D35264F05F9008F224E /* Embed App Extensions */ = {
			isa = PBXCopyFilesBuildPhase;
			buildActionMask = 2147483647;
			dstPath = "";
			dstSubfolderSpec = 13;
			files = (
				B4AA2D31264F05F9008F224E /* ContentBlocker.appex in Embed App Extensions */,
				B4D975E2265D5E3D00ACF645 /* AdvancedBlocking.appex in Embed App Extensions */,
			);
			name = "Embed App Extensions";
			runOnlyForDeploymentPostprocessing = 0;
		};
/* End PBXCopyFilesBuildPhase section */

/* Begin PBXFileReference section */
		B443B76E265084B90042B678 /* test-filter.txt */ = {isa = PBXFileReference; lastKnownFileType = text; path = "test-filter.txt"; sourceTree = "<group>"; };
		B443B77C2651C3B10042B678 /* Constants.swift */ = {isa = PBXFileReference; lastKnownFileType = sourcecode.swift; path = Constants.swift; sourceTree = "<group>"; };
		B4AA2CEE264F05E2008F224E /* AdgSimple.app */ = {isa = PBXFileReference; explicitFileType = wrapper.application; includeInIndex = 0; path = AdgSimple.app; sourceTree = BUILT_PRODUCTS_DIR; };
		B4AA2CF1264F05E2008F224E /* AdgSimpleApp.swift */ = {isa = PBXFileReference; lastKnownFileType = sourcecode.swift; path = AdgSimpleApp.swift; sourceTree = "<group>"; };
		B4AA2CF3264F05E2008F224E /* ContentView.swift */ = {isa = PBXFileReference; lastKnownFileType = sourcecode.swift; path = ContentView.swift; sourceTree = "<group>"; };
		B4AA2CF5264F05E3008F224E /* Assets.xcassets */ = {isa = PBXFileReference; lastKnownFileType = folder.assetcatalog; path = Assets.xcassets; sourceTree = "<group>"; };
		B4AA2CF8264F05E3008F224E /* Preview Assets.xcassets */ = {isa = PBXFileReference; lastKnownFileType = folder.assetcatalog; path = "Preview Assets.xcassets"; sourceTree = "<group>"; };
		B4AA2CFA264F05E3008F224E /* Info.plist */ = {isa = PBXFileReference; lastKnownFileType = text.plist.xml; path = Info.plist; sourceTree = "<group>"; };
		B4AA2CFB264F05E3008F224E /* AdgSimple.entitlements */ = {isa = PBXFileReference; lastKnownFileType = text.plist.entitlements; path = AdgSimple.entitlements; sourceTree = "<group>"; };
		B4AA2D24264F05F9008F224E /* ContentBlocker.appex */ = {isa = PBXFileReference; explicitFileType = "wrapper.app-extension"; includeInIndex = 0; path = ContentBlocker.appex; sourceTree = BUILT_PRODUCTS_DIR; };
		B4AA2D26264F05F9008F224E /* Cocoa.framework */ = {isa = PBXFileReference; lastKnownFileType = wrapper.framework; name = Cocoa.framework; path = System/Library/Frameworks/Cocoa.framework; sourceTree = SDKROOT; };
		B4AA2D29264F05F9008F224E /* blockerList.json */ = {isa = PBXFileReference; lastKnownFileType = text.json; path = blockerList.json; sourceTree = "<group>"; };
		B4AA2D2D264F05F9008F224E /* Info.plist */ = {isa = PBXFileReference; lastKnownFileType = text.plist.xml; path = Info.plist; sourceTree = "<group>"; };
		B4AA2D2E264F05F9008F224E /* ContentBlocker.entitlements */ = {isa = PBXFileReference; lastKnownFileType = text.plist.entitlements; path = ContentBlocker.entitlements; sourceTree = "<group>"; };
		B4AA2D3A264F0A88008F224E /* .build */ = {isa = PBXFileReference; lastKnownFileType = folder; name = .build; path = "../safari-converter/.build"; sourceTree = "<group>"; };
		B4AA2E58265031D5008F224E /* ConverterService.swift */ = {isa = PBXFileReference; lastKnownFileType = sourcecode.swift; path = ConverterService.swift; sourceTree = "<group>"; };
		B4D9742E265C85B900ACF645 /* BlockerEntry.swift */ = {isa = PBXFileReference; fileEncoding = 4; lastKnownFileType = sourcecode.swift; path = BlockerEntry.swift; sourceTree = "<group>"; };
		B4D9742F265C85B900ACF645 /* NetworkEngine.swift */ = {isa = PBXFileReference; fileEncoding = 4; lastKnownFileType = sourcecode.swift; path = NetworkEngine.swift; sourceTree = "<group>"; };
		B4D97432265C85BA00ACF645 /* BlockerData.swift */ = {isa = PBXFileReference; fileEncoding = 4; lastKnownFileType = sourcecode.swift; path = BlockerData.swift; sourceTree = "<group>"; };
		B4D97433265C85BA00ACF645 /* extended-css.js */ = {isa = PBXFileReference; fileEncoding = 4; lastKnownFileType = sourcecode.javascript; path = "extended-css.js"; sourceTree = "<group>"; };
		B4D97434265C85BA00ACF645 /* ContentBlockerController.swift */ = {isa = PBXFileReference; fileEncoding = 4; lastKnownFileType = sourcecode.swift; path = ContentBlockerController.swift; sourceTree = "<group>"; };
		B4D97436265C85BA00ACF645 /* scriptlets.js */ = {isa = PBXFileReference; fileEncoding = 4; lastKnownFileType = sourcecode.javascript; path = scriptlets.js; sourceTree = "<group>"; };
		B4D97437265C85BA00ACF645 /* ContentBlockerContainer.swift */ = {isa = PBXFileReference; fileEncoding = 4; lastKnownFileType = sourcecode.swift; path = ContentBlockerContainer.swift; sourceTree = "<group>"; };
		B4D9745B265C881600ACF645 /* custom-filter.txt */ = {isa = PBXFileReference; fileEncoding = 4; lastKnownFileType = text; path = "custom-filter.txt"; sourceTree = "<group>"; };
		B4D975CF265D5E3C00ACF645 /* AdvancedBlocking.appex */ = {isa = PBXFileReference; explicitFileType = "wrapper.app-extension"; includeInIndex = 0; path = AdvancedBlocking.appex; sourceTree = BUILT_PRODUCTS_DIR; };
		B4D975D2265D5E3C00ACF645 /* SafariExtensionHandler.swift */ = {isa = PBXFileReference; lastKnownFileType = sourcecode.swift; path = SafariExtensionHandler.swift; sourceTree = "<group>"; };
		B4D975D7265D5E3C00ACF645 /* script.js */ = {isa = PBXFileReference; lastKnownFileType = sourcecode.javascript; path = script.js; sourceTree = "<group>"; };
		B4D975DE265D5E3D00ACF645 /* Info.plist */ = {isa = PBXFileReference; lastKnownFileType = text.plist.xml; path = Info.plist; sourceTree = "<group>"; };
		B4D975DF265D5E3D00ACF645 /* AdvancedBlocking.entitlements */ = {isa = PBXFileReference; lastKnownFileType = text.plist.entitlements; path = AdvancedBlocking.entitlements; sourceTree = "<group>"; };
		B4D97620265D649D00ACF645 /* ContentBlockerRequestHandler.swift */ = {isa = PBXFileReference; lastKnownFileType = sourcecode.swift; path = ContentBlockerRequestHandler.swift; sourceTree = "<group>"; };
/* End PBXFileReference section */

/* Begin PBXFrameworksBuildPhase section */
		B4AA2CEB264F05E2008F224E /* Frameworks */ = {
			isa = PBXFrameworksBuildPhase;
			buildActionMask = 2147483647;
			files = (
				B479D7A2266ADE2900019554 /* ContentBlockerConverter in Frameworks */,
			);
			runOnlyForDeploymentPostprocessing = 0;
		};
		B4AA2D21264F05F9008F224E /* Frameworks */ = {
			isa = PBXFrameworksBuildPhase;
			buildActionMask = 2147483647;
			files = (
				B4AA2DBF264F6127008F224E /* Cocoa.framework in Frameworks */,
			);
			runOnlyForDeploymentPostprocessing = 0;
		};
		B4D975CC265D5E3C00ACF645 /* Frameworks */ = {
			isa = PBXFrameworksBuildPhase;
			buildActionMask = 2147483647;
			files = (
				B479D7A7266ADE8200019554 /* ContentBlockerConverter in Frameworks */,
				B4D975D0265D5E3C00ACF645 /* Cocoa.framework in Frameworks */,
			);
			runOnlyForDeploymentPostprocessing = 0;
		};
/* End PBXFrameworksBuildPhase section */

/* Begin PBXGroup section */
		B443B759265084380042B678 /* Filters */ = {
			isa = PBXGroup;
			children = (
				B4D9745B265C881600ACF645 /* custom-filter.txt */,
				B443B76E265084B90042B678 /* test-filter.txt */,
			);
			path = Filters;
			sourceTree = "<group>";
		};
		B4AA2CE5264F05E2008F224E = {
			isa = PBXGroup;
			children = (
				B443B759265084380042B678 /* Filters */,
				B4AA2CF0264F05E2008F224E /* AdgSimple */,
				B4AA2D28264F05F9008F224E /* ContentBlocker */,
				B4D975D1265D5E3C00ACF645 /* AdvancedBlocking */,
				B4AA2D25264F05F9008F224E /* Frameworks */,
				B4AA2CEF264F05E2008F224E /* Products */,
			);
			sourceTree = "<group>";
		};
		B4AA2CEF264F05E2008F224E /* Products */ = {
			isa = PBXGroup;
			children = (
				B4AA2CEE264F05E2008F224E /* AdgSimple.app */,
				B4AA2D24264F05F9008F224E /* ContentBlocker.appex */,
				B4D975CF265D5E3C00ACF645 /* AdvancedBlocking.appex */,
			);
			name = Products;
			sourceTree = "<group>";
		};
		B4AA2CF0264F05E2008F224E /* AdgSimple */ = {
			isa = PBXGroup;
			children = (
				B4AA2CF1264F05E2008F224E /* AdgSimpleApp.swift */,
				B4AA2CF3264F05E2008F224E /* ContentView.swift */,
				B4AA2CF5264F05E3008F224E /* Assets.xcassets */,
				B4AA2CFA264F05E3008F224E /* Info.plist */,
				B4AA2CFB264F05E3008F224E /* AdgSimple.entitlements */,
				B4AA2CF7264F05E3008F224E /* Preview Content */,
				B4AA2E58265031D5008F224E /* ConverterService.swift */,
				B443B77C2651C3B10042B678 /* Constants.swift */,
			);
			path = AdgSimple;
			sourceTree = "<group>";
		};
		B4AA2CF7264F05E3008F224E /* Preview Content */ = {
			isa = PBXGroup;
			children = (
				B4AA2CF8264F05E3008F224E /* Preview Assets.xcassets */,
			);
			path = "Preview Content";
			sourceTree = "<group>";
		};
		B4AA2D25264F05F9008F224E /* Frameworks */ = {
			isa = PBXGroup;
			children = (
				B4AA2D3A264F0A88008F224E /* .build */,
				B4AA2D26264F05F9008F224E /* Cocoa.framework */,
			);
			name = Frameworks;
			sourceTree = "<group>";
		};
		B4AA2D28264F05F9008F224E /* ContentBlocker */ = {
			isa = PBXGroup;
			children = (
				B4AA2D29264F05F9008F224E /* blockerList.json */,
				B4AA2D2D264F05F9008F224E /* Info.plist */,
				B4AA2D2E264F05F9008F224E /* ContentBlocker.entitlements */,
				B4D97620265D649D00ACF645 /* ContentBlockerRequestHandler.swift */,
			);
			path = ContentBlocker;
			sourceTree = "<group>";
		};
		B4D975D1265D5E3C00ACF645 /* AdvancedBlocking */ = {
			isa = PBXGroup;
			children = (
				B4D975D2265D5E3C00ACF645 /* SafariExtensionHandler.swift */,
				B4D97432265C85BA00ACF645 /* BlockerData.swift */,
				B4D9742E265C85B900ACF645 /* BlockerEntry.swift */,
				B4D97437265C85BA00ACF645 /* ContentBlockerContainer.swift */,
				B4D97434265C85BA00ACF645 /* ContentBlockerController.swift */,
				B4D9742F265C85B900ACF645 /* NetworkEngine.swift */,
				B4D975DE265D5E3D00ACF645 /* Info.plist */,
				B4D975DF265D5E3D00ACF645 /* AdvancedBlocking.entitlements */,
				B4D975D6265D5E3C00ACF645 /* Resources */,
			);
			path = AdvancedBlocking;
			sourceTree = "<group>";
		};
		B4D975D6265D5E3C00ACF645 /* Resources */ = {
			isa = PBXGroup;
			children = (
				B4D97433265C85BA00ACF645 /* extended-css.js */,
				B4D97436265C85BA00ACF645 /* scriptlets.js */,
				B4D975D7265D5E3C00ACF645 /* script.js */,
			);
			path = Resources;
			sourceTree = "<group>";
		};
/* End PBXGroup section */

/* Begin PBXNativeTarget section */
		B4AA2CED264F05E2008F224E /* AdgSimple */ = {
			isa = PBXNativeTarget;
			buildConfigurationList = B4AA2D14264F05E3008F224E /* Build configuration list for PBXNativeTarget "AdgSimple" */;
			buildPhases = (
				B4AA2CEA264F05E2008F224E /* Sources */,
				B4AA2CEB264F05E2008F224E /* Frameworks */,
				B4AA2CEC264F05E2008F224E /* Resources */,
				B4AA2D35264F05F9008F224E /* Embed App Extensions */,
			);
			buildRules = (
			);
			dependencies = (
				B4AA2D30264F05F9008F224E /* PBXTargetDependency */,
				B4D975E1265D5E3D00ACF645 /* PBXTargetDependency */,
			);
			name = AdgSimple;
			packageProductDependencies = (
				B479D7A1266ADE2900019554 /* ContentBlockerConverter */,
			);
			productName = AdgSimple;
			productReference = B4AA2CEE264F05E2008F224E /* AdgSimple.app */;
			productType = "com.apple.product-type.application";
		};
		B4AA2D23264F05F9008F224E /* ContentBlocker */ = {
			isa = PBXNativeTarget;
			buildConfigurationList = B4AA2D32264F05F9008F224E /* Build configuration list for PBXNativeTarget "ContentBlocker" */;
			buildPhases = (
				B4AA2D20264F05F9008F224E /* Sources */,
				B4AA2D21264F05F9008F224E /* Frameworks */,
				B4AA2D22264F05F9008F224E /* Resources */,
			);
			buildRules = (
			);
			dependencies = (
			);
			name = ContentBlocker;
			packageProductDependencies = (
			);
			productName = TestBlocking;
			productReference = B4AA2D24264F05F9008F224E /* ContentBlocker.appex */;
			productType = "com.apple.product-type.app-extension";
		};
		B4D975CE265D5E3C00ACF645 /* AdvancedBlocking */ = {
			isa = PBXNativeTarget;
			buildConfigurationList = B4D975E3265D5E3D00ACF645 /* Build configuration list for PBXNativeTarget "AdvancedBlocking" */;
			buildPhases = (
				B4D975CB265D5E3C00ACF645 /* Sources */,
				B4D975CC265D5E3C00ACF645 /* Frameworks */,
				B4D975CD265D5E3C00ACF645 /* Resources */,
			);
			buildRules = (
			);
			dependencies = (
			);
			name = AdvancedBlocking;
			packageProductDependencies = (
				B479D7A6266ADE8200019554 /* ContentBlockerConverter */,
			);
			productName = AdvancedBlockingExt;
			productReference = B4D975CF265D5E3C00ACF645 /* AdvancedBlocking.appex */;
			productType = "com.apple.product-type.app-extension";
		};
/* End PBXNativeTarget section */

/* Begin PBXProject section */
		B4AA2CE6264F05E2008F224E /* Project object */ = {
			isa = PBXProject;
			attributes = {
				LastSwiftUpdateCheck = 1240;
				LastUpgradeCheck = 1240;
				TargetAttributes = {
					B4AA2CED264F05E2008F224E = {
						CreatedOnToolsVersion = 12.4;
					};
					B4AA2D23264F05F9008F224E = {
						CreatedOnToolsVersion = 12.4;
					};
					B4D975CE265D5E3C00ACF645 = {
						CreatedOnToolsVersion = 12.4;
					};
				};
			};
			buildConfigurationList = B4AA2CE9264F05E2008F224E /* Build configuration list for PBXProject "AdgSimple" */;
			compatibilityVersion = "Xcode 9.3";
			developmentRegion = en;
			hasScannedForEncodings = 0;
			knownRegions = (
				en,
				Base,
			);
			mainGroup = B4AA2CE5264F05E2008F224E;
			packageReferences = (
				B479D7A0266ADE2900019554 /* XCRemoteSwiftPackageReference "safari-converter" */,
			);
			productRefGroup = B4AA2CEF264F05E2008F224E /* Products */;
			projectDirPath = "";
			projectRoot = "";
			targets = (
				B4AA2CED264F05E2008F224E /* AdgSimple */,
				B4D975CE265D5E3C00ACF645 /* AdvancedBlocking */,
				B4AA2D23264F05F9008F224E /* ContentBlocker */,
			);
		};
/* End PBXProject section */

/* Begin PBXResourcesBuildPhase section */
		B4AA2CEC264F05E2008F224E /* Resources */ = {
			isa = PBXResourcesBuildPhase;
			buildActionMask = 2147483647;
			files = (
				B443B76F265084B90042B678 /* test-filter.txt in Resources */,
				B4AA2CF9264F05E3008F224E /* Preview Assets.xcassets in Resources */,
				B4AA2CF6264F05E3008F224E /* Assets.xcassets in Resources */,
				B4D9745C265C881600ACF645 /* custom-filter.txt in Resources */,
			);
			runOnlyForDeploymentPostprocessing = 0;
		};
		B4AA2D22264F05F9008F224E /* Resources */ = {
			isa = PBXResourcesBuildPhase;
			buildActionMask = 2147483647;
			files = (
				B443B7862651C4E00042B678 /* blockerList.json in Resources */,
				B4D9745D265C881600ACF645 /* custom-filter.txt in Resources */,
			);
			runOnlyForDeploymentPostprocessing = 0;
		};
		B4D975CD265D5E3C00ACF645 /* Resources */ = {
			isa = PBXResourcesBuildPhase;
			buildActionMask = 2147483647;
			files = (
				B4D9765E265D939900ACF645 /* custom-filter.txt in Resources */,
				B4D97619265D643200ACF645 /* scriptlets.js in Resources */,
				B4D97615265D642D00ACF645 /* extended-css.js in Resources */,
				B4D975D8265D5E3D00ACF645 /* script.js in Resources */,
			);
			runOnlyForDeploymentPostprocessing = 0;
		};
/* End PBXResourcesBuildPhase section */

/* Begin PBXSourcesBuildPhase section */
		B4AA2CEA264F05E2008F224E /* Sources */ = {
			isa = PBXSourcesBuildPhase;
			buildActionMask = 2147483647;
			files = (
				B4AA2CF4264F05E2008F224E /* ContentView.swift in Sources */,
				B4D97621265D649D00ACF645 /* ContentBlockerRequestHandler.swift in Sources */,
				B4AA2E59265031D5008F224E /* ConverterService.swift in Sources */,
				B4AA2CF2264F05E2008F224E /* AdgSimpleApp.swift in Sources */,
				B443B77D2651C3B10042B678 /* Constants.swift in Sources */,
			);
			runOnlyForDeploymentPostprocessing = 0;
		};
		B4AA2D20264F05F9008F224E /* Sources */ = {
			isa = PBXSourcesBuildPhase;
			buildActionMask = 2147483647;
			files = (
				B479D871266AF14F00019554 /* ContentBlockerRequestHandler.swift in Sources */,
				B443B78B2651C5100042B678 /* Constants.swift in Sources */,
			);
			runOnlyForDeploymentPostprocessing = 0;
		};
		B4D975CB265D5E3C00ACF645 /* Sources */ = {
			isa = PBXSourcesBuildPhase;
			buildActionMask = 2147483647;
			files = (
				B4D9762B265D651D00ACF645 /* ContentBlockerContainer.swift in Sources */,
				B4D9763C265D65FB00ACF645 /* ConverterService.swift in Sources */,
				B4D97629265D651D00ACF645 /* BlockerEntry.swift in Sources */,
				B4D9762A265D651D00ACF645 /* ContentBlockerController.swift in Sources */,
				B4D975D3265D5E3C00ACF645 /* SafariExtensionHandler.swift in Sources */,
				B4D97626265D651D00ACF645 /* NetworkEngine.swift in Sources */,
				B4D9762C265D651D00ACF645 /* BlockerData.swift in Sources */,
				B4D97645265D664200ACF645 /* Constants.swift in Sources */,
			);
			runOnlyForDeploymentPostprocessing = 0;
		};
/* End PBXSourcesBuildPhase section */

/* Begin PBXTargetDependency section */
		B4AA2D30264F05F9008F224E /* PBXTargetDependency */ = {
			isa = PBXTargetDependency;
			target = B4AA2D23264F05F9008F224E /* ContentBlocker */;
			targetProxy = B4AA2D2F264F05F9008F224E /* PBXContainerItemProxy */;
		};
		B4D975E1265D5E3D00ACF645 /* PBXTargetDependency */ = {
			isa = PBXTargetDependency;
			target = B4D975CE265D5E3C00ACF645 /* AdvancedBlocking */;
			targetProxy = B4D975E0265D5E3D00ACF645 /* PBXContainerItemProxy */;
		};
/* End PBXTargetDependency section */

/* Begin XCBuildConfiguration section */
		B4AA2D12264F05E3008F224E /* Debug */ = {
			isa = XCBuildConfiguration;
			buildSettings = {
				ALWAYS_SEARCH_USER_PATHS = NO;
				ARCHS = "$(ARCHS_STANDARD)";
				CLANG_ANALYZER_NONNULL = YES;
				CLANG_ANALYZER_NUMBER_OBJECT_CONVERSION = YES_AGGRESSIVE;
				CLANG_CXX_LANGUAGE_STANDARD = "gnu++14";
				CLANG_CXX_LIBRARY = "libc++";
				CLANG_ENABLE_MODULES = YES;
				CLANG_ENABLE_OBJC_ARC = YES;
				CLANG_ENABLE_OBJC_WEAK = YES;
				CLANG_WARN_BLOCK_CAPTURE_AUTORELEASING = YES;
				CLANG_WARN_BOOL_CONVERSION = YES;
				CLANG_WARN_COMMA = YES;
				CLANG_WARN_CONSTANT_CONVERSION = YES;
				CLANG_WARN_DEPRECATED_OBJC_IMPLEMENTATIONS = YES;
				CLANG_WARN_DIRECT_OBJC_ISA_USAGE = YES_ERROR;
				CLANG_WARN_DOCUMENTATION_COMMENTS = YES;
				CLANG_WARN_EMPTY_BODY = YES;
				CLANG_WARN_ENUM_CONVERSION = YES;
				CLANG_WARN_INFINITE_RECURSION = YES;
				CLANG_WARN_INT_CONVERSION = YES;
				CLANG_WARN_NON_LITERAL_NULL_CONVERSION = YES;
				CLANG_WARN_OBJC_IMPLICIT_RETAIN_SELF = YES;
				CLANG_WARN_OBJC_LITERAL_CONVERSION = YES;
				CLANG_WARN_OBJC_ROOT_CLASS = YES_ERROR;
				CLANG_WARN_QUOTED_INCLUDE_IN_FRAMEWORK_HEADER = YES;
				CLANG_WARN_RANGE_LOOP_ANALYSIS = YES;
				CLANG_WARN_STRICT_PROTOTYPES = YES;
				CLANG_WARN_SUSPICIOUS_MOVE = YES;
				CLANG_WARN_UNGUARDED_AVAILABILITY = YES_AGGRESSIVE;
				CLANG_WARN_UNREACHABLE_CODE = YES;
				CLANG_WARN__DUPLICATE_METHOD_MATCH = YES;
				COPY_PHASE_STRIP = NO;
				DEBUG_INFORMATION_FORMAT = dwarf;
				ENABLE_STRICT_OBJC_MSGSEND = YES;
				ENABLE_TESTABILITY = YES;
				GCC_C_LANGUAGE_STANDARD = gnu11;
				GCC_DYNAMIC_NO_PIC = NO;
				GCC_NO_COMMON_BLOCKS = YES;
				GCC_OPTIMIZATION_LEVEL = 0;
				GCC_PREPROCESSOR_DEFINITIONS = (
					"DEBUG=1",
					"$(inherited)",
				);
				GCC_WARN_64_TO_32_BIT_CONVERSION = YES;
				GCC_WARN_ABOUT_RETURN_TYPE = YES_ERROR;
				GCC_WARN_UNDECLARED_SELECTOR = YES;
				GCC_WARN_UNINITIALIZED_AUTOS = YES_AGGRESSIVE;
				GCC_WARN_UNUSED_FUNCTION = YES;
				GCC_WARN_UNUSED_VARIABLE = YES;
				MACOSX_DEPLOYMENT_TARGET = 11.0;
				MTL_ENABLE_DEBUG_INFO = INCLUDE_SOURCE;
				MTL_FAST_MATH = YES;
				ONLY_ACTIVE_ARCH = YES;
				SDKROOT = macosx;
				SWIFT_ACTIVE_COMPILATION_CONDITIONS = DEBUG;
				SWIFT_OPTIMIZATION_LEVEL = "-Onone";
			};
			name = Debug;
		};
		B4AA2D13264F05E3008F224E /* Release */ = {
			isa = XCBuildConfiguration;
			buildSettings = {
				ALWAYS_SEARCH_USER_PATHS = NO;
				ARCHS = "$(ARCHS_STANDARD)";
				CLANG_ANALYZER_NONNULL = YES;
				CLANG_ANALYZER_NUMBER_OBJECT_CONVERSION = YES_AGGRESSIVE;
				CLANG_CXX_LANGUAGE_STANDARD = "gnu++14";
				CLANG_CXX_LIBRARY = "libc++";
				CLANG_ENABLE_MODULES = YES;
				CLANG_ENABLE_OBJC_ARC = YES;
				CLANG_ENABLE_OBJC_WEAK = YES;
				CLANG_WARN_BLOCK_CAPTURE_AUTORELEASING = YES;
				CLANG_WARN_BOOL_CONVERSION = YES;
				CLANG_WARN_COMMA = YES;
				CLANG_WARN_CONSTANT_CONVERSION = YES;
				CLANG_WARN_DEPRECATED_OBJC_IMPLEMENTATIONS = YES;
				CLANG_WARN_DIRECT_OBJC_ISA_USAGE = YES_ERROR;
				CLANG_WARN_DOCUMENTATION_COMMENTS = YES;
				CLANG_WARN_EMPTY_BODY = YES;
				CLANG_WARN_ENUM_CONVERSION = YES;
				CLANG_WARN_INFINITE_RECURSION = YES;
				CLANG_WARN_INT_CONVERSION = YES;
				CLANG_WARN_NON_LITERAL_NULL_CONVERSION = YES;
				CLANG_WARN_OBJC_IMPLICIT_RETAIN_SELF = YES;
				CLANG_WARN_OBJC_LITERAL_CONVERSION = YES;
				CLANG_WARN_OBJC_ROOT_CLASS = YES_ERROR;
				CLANG_WARN_QUOTED_INCLUDE_IN_FRAMEWORK_HEADER = YES;
				CLANG_WARN_RANGE_LOOP_ANALYSIS = YES;
				CLANG_WARN_STRICT_PROTOTYPES = YES;
				CLANG_WARN_SUSPICIOUS_MOVE = YES;
				CLANG_WARN_UNGUARDED_AVAILABILITY = YES_AGGRESSIVE;
				CLANG_WARN_UNREACHABLE_CODE = YES;
				CLANG_WARN__DUPLICATE_METHOD_MATCH = YES;
				COPY_PHASE_STRIP = NO;
				DEBUG_INFORMATION_FORMAT = "dwarf-with-dsym";
				ENABLE_NS_ASSERTIONS = NO;
				ENABLE_STRICT_OBJC_MSGSEND = YES;
				GCC_C_LANGUAGE_STANDARD = gnu11;
				GCC_NO_COMMON_BLOCKS = YES;
				GCC_WARN_64_TO_32_BIT_CONVERSION = YES;
				GCC_WARN_ABOUT_RETURN_TYPE = YES_ERROR;
				GCC_WARN_UNDECLARED_SELECTOR = YES;
				GCC_WARN_UNINITIALIZED_AUTOS = YES_AGGRESSIVE;
				GCC_WARN_UNUSED_FUNCTION = YES;
				GCC_WARN_UNUSED_VARIABLE = YES;
				MACOSX_DEPLOYMENT_TARGET = 11.0;
				MTL_ENABLE_DEBUG_INFO = NO;
				MTL_FAST_MATH = YES;
				ONLY_ACTIVE_ARCH = YES;
				SDKROOT = macosx;
				SWIFT_COMPILATION_MODE = wholemodule;
				SWIFT_OPTIMIZATION_LEVEL = "-O";
			};
			name = Release;
		};
		B4AA2D15264F05E3008F224E /* Debug */ = {
			isa = XCBuildConfiguration;
			buildSettings = {
				ALWAYS_EMBED_SWIFT_STANDARD_LIBRARIES = YES;
				ASSETCATALOG_COMPILER_APPICON_NAME = AppIcon;
				ASSETCATALOG_COMPILER_GLOBAL_ACCENT_COLOR_NAME = AccentColor;
				CODE_SIGN_ENTITLEMENTS = AdgSimple/AdgSimple.entitlements;
				CODE_SIGN_IDENTITY = "Apple Development";
				CODE_SIGN_STYLE = Automatic;
				COMBINE_HIDPI_IMAGES = YES;
				DEVELOPMENT_ASSET_PATHS = "\"AdgSimple/Preview Content\"";
				DEVELOPMENT_TEAM = TC3Q7MAJXF;
				ENABLE_PREVIEWS = YES;
				INFOPLIST_FILE = AdgSimple/Info.plist;
				LD_RUNPATH_SEARCH_PATHS = (
					"$(inherited)",
					"@executable_path/../Frameworks",
				);
				MACOSX_DEPLOYMENT_TARGET = 11.0;
				PRODUCT_BUNDLE_IDENTIFIER = dev.tvinzz.AdgSimple;
				PRODUCT_NAME = "$(TARGET_NAME)";
				PROVISIONING_PROFILE_SPECIFIER = "";
				SWIFT_VERSION = 5.0;
			};
			name = Debug;
		};
		B4AA2D16264F05E3008F224E /* Release */ = {
			isa = XCBuildConfiguration;
			buildSettings = {
				ALWAYS_EMBED_SWIFT_STANDARD_LIBRARIES = YES;
				ASSETCATALOG_COMPILER_APPICON_NAME = AppIcon;
				ASSETCATALOG_COMPILER_GLOBAL_ACCENT_COLOR_NAME = AccentColor;
				CODE_SIGN_ENTITLEMENTS = AdgSimple/AdgSimple.entitlements;
				CODE_SIGN_IDENTITY = "Apple Development";
				CODE_SIGN_STYLE = Automatic;
				COMBINE_HIDPI_IMAGES = YES;
				DEVELOPMENT_ASSET_PATHS = "\"AdgSimple/Preview Content\"";
				DEVELOPMENT_TEAM = TC3Q7MAJXF;
				ENABLE_PREVIEWS = YES;
				INFOPLIST_FILE = AdgSimple/Info.plist;
				LD_RUNPATH_SEARCH_PATHS = (
					"$(inherited)",
					"@executable_path/../Frameworks",
				);
				MACOSX_DEPLOYMENT_TARGET = 11.0;
				PRODUCT_BUNDLE_IDENTIFIER = dev.tvinzz.AdgSimple;
				PRODUCT_NAME = "$(TARGET_NAME)";
				PROVISIONING_PROFILE_SPECIFIER = "";
				SWIFT_VERSION = 5.0;
			};
			name = Release;
		};
		B4AA2D33264F05F9008F224E /* Debug */ = {
			isa = XCBuildConfiguration;
			buildSettings = {
				CODE_SIGN_ENTITLEMENTS = ContentBlocker/ContentBlocker.entitlements;
				CODE_SIGN_IDENTITY = "Apple Development";
				CODE_SIGN_STYLE = Automatic;
				DEVELOPMENT_TEAM = TC3Q7MAJXF;
				INFOPLIST_FILE = "$(SRCROOT)/ContentBlocker/Info.plist";
				LD_RUNPATH_SEARCH_PATHS = (
					"$(inherited)",
					"@executable_path/../Frameworks",
					"@executable_path/../../../../Frameworks",
				);
				MARKETING_VERSION = 1.0;
				PRODUCT_BUNDLE_IDENTIFIER = dev.tvinzz.AdgSimple.ContentBlocker;
				PRODUCT_NAME = "$(TARGET_NAME)";
				PROVISIONING_PROFILE_SPECIFIER = "";
				SKIP_INSTALL = YES;
				SWIFT_VERSION = 5.0;
			};
			name = Debug;
		};
		B4AA2D34264F05F9008F224E /* Release */ = {
			isa = XCBuildConfiguration;
			buildSettings = {
				CODE_SIGN_ENTITLEMENTS = ContentBlocker/ContentBlocker.entitlements;
				CODE_SIGN_IDENTITY = "Apple Development";
				CODE_SIGN_STYLE = Automatic;
				DEVELOPMENT_TEAM = TC3Q7MAJXF;
				INFOPLIST_FILE = "$(SRCROOT)/ContentBlocker/Info.plist";
				LD_RUNPATH_SEARCH_PATHS = (
					"$(inherited)",
					"@executable_path/../Frameworks",
					"@executable_path/../../../../Frameworks",
				);
				MARKETING_VERSION = 1.0;
				PRODUCT_BUNDLE_IDENTIFIER = dev.tvinzz.AdgSimple.ContentBlocker;
				PRODUCT_NAME = "$(TARGET_NAME)";
				PROVISIONING_PROFILE_SPECIFIER = "";
				SKIP_INSTALL = YES;
				SWIFT_VERSION = 5.0;
			};
			name = Release;
		};
		B4D975E4265D5E3D00ACF645 /* Debug */ = {
			isa = XCBuildConfiguration;
			buildSettings = {
				CODE_SIGN_ENTITLEMENTS = AdvancedBlocking/AdvancedBlocking.entitlements;
				CODE_SIGN_IDENTITY = "Apple Development";
				CODE_SIGN_STYLE = Automatic;
				DEVELOPMENT_TEAM = TC3Q7MAJXF;
				INFOPLIST_FILE = "$(SRCROOT)/AdvancedBlocking/Info.plist";
				LD_RUNPATH_SEARCH_PATHS = (
					"$(inherited)",
					"@executable_path/../Frameworks",
					"@executable_path/../../../../Frameworks",
				);
				PRODUCT_BUNDLE_IDENTIFIER = dev.tvinzz.AdgSimple.AdvancedBlockingExt;
				PRODUCT_NAME = "$(TARGET_NAME)";
				SKIP_INSTALL = YES;
				SWIFT_VERSION = 5.0;
			};
			name = Debug;
		};
		B4D975E5265D5E3D00ACF645 /* Release */ = {
			isa = XCBuildConfiguration;
			buildSettings = {
				CODE_SIGN_ENTITLEMENTS = AdvancedBlocking/AdvancedBlocking.entitlements;
				CODE_SIGN_IDENTITY = "Apple Development";
				CODE_SIGN_STYLE = Automatic;
				DEVELOPMENT_TEAM = TC3Q7MAJXF;
				INFOPLIST_FILE = "$(SRCROOT)/AdvancedBlocking/Info.plist";
				LD_RUNPATH_SEARCH_PATHS = (
					"$(inherited)",
					"@executable_path/../Frameworks",
					"@executable_path/../../../../Frameworks",
				);
				PRODUCT_BUNDLE_IDENTIFIER = dev.tvinzz.AdgSimple.AdvancedBlockingExt;
				PRODUCT_NAME = "$(TARGET_NAME)";
				SKIP_INSTALL = YES;
				SWIFT_VERSION = 5.0;
			};
			name = Release;
		};
/* End XCBuildConfiguration section */

/* Begin XCConfigurationList section */
		B4AA2CE9264F05E2008F224E /* Build configuration list for PBXProject "AdgSimple" */ = {
			isa = XCConfigurationList;
			buildConfigurations = (
				B4AA2D12264F05E3008F224E /* Debug */,
				B4AA2D13264F05E3008F224E /* Release */,
			);
			defaultConfigurationIsVisible = 0;
			defaultConfigurationName = Release;
		};
		B4AA2D14264F05E3008F224E /* Build configuration list for PBXNativeTarget "AdgSimple" */ = {
			isa = XCConfigurationList;
			buildConfigurations = (
				B4AA2D15264F05E3008F224E /* Debug */,
				B4AA2D16264F05E3008F224E /* Release */,
			);
			defaultConfigurationIsVisible = 0;
			defaultConfigurationName = Release;
		};
		B4AA2D32264F05F9008F224E /* Build configuration list for PBXNativeTarget "ContentBlocker" */ = {
			isa = XCConfigurationList;
			buildConfigurations = (
				B4AA2D33264F05F9008F224E /* Debug */,
				B4AA2D34264F05F9008F224E /* Release */,
			);
			defaultConfigurationIsVisible = 0;
			defaultConfigurationName = Release;
		};
		B4D975E3265D5E3D00ACF645 /* Build configuration list for PBXNativeTarget "AdvancedBlocking" */ = {
			isa = XCConfigurationList;
			buildConfigurations = (
				B4D975E4265D5E3D00ACF645 /* Debug */,
				B4D975E5265D5E3D00ACF645 /* Release */,
			);
			defaultConfigurationIsVisible = 0;
			defaultConfigurationName = Release;
		};
/* End XCConfigurationList section */

/* Begin XCRemoteSwiftPackageReference section */
		B479D7A0266ADE2900019554 /* XCRemoteSwiftPackageReference "safari-converter" */ = {
			isa = XCRemoteSwiftPackageReference;
			repositoryURL = "file:///Volumes/Dev/safari-converter";
			requirement = {
				branch = master;
				kind = branch;
			};
		};
/* End XCRemoteSwiftPackageReference section */

/* Begin XCSwiftPackageProductDependency section */
		B479D7A1266ADE2900019554 /* ContentBlockerConverter */ = {
			isa = XCSwiftPackageProductDependency;
			package = B479D7A0266ADE2900019554 /* XCRemoteSwiftPackageReference "safari-converter" */;
			productName = ContentBlockerConverter;
		};
		B479D7A6266ADE8200019554 /* ContentBlockerConverter */ = {
			isa = XCSwiftPackageProductDependency;
			package = B479D7A0266ADE2900019554 /* XCRemoteSwiftPackageReference "safari-converter" */;
			productName = ContentBlockerConverter;
		};
/* End XCSwiftPackageProductDependency section */
	};
	rootObject = B4AA2CE6264F05E2008F224E /* Project object */;
}
